
Microsoft Visual Studio Solution File, Format Version 12.00
# Visual Studio Version 16
VisualStudioVersion = 16.0.30717.126
MinimumVisualStudioVersion = 10.0.40219.1
Project("{FAE04EC0-301F-11D3-BF4B-00C04F79EFBC}") = "Task1", "Task1.csproj", "{68A80026-56D9-4CF2-B232-D21CF3698BF1}"
EndProject
Global
	GlobalSection(SolutionConfigurationPlatforms) = preSolution
		Debug|Any CPU = Debug|Any CPU
		Release|Any CPU = Release|Any CPU
	EndGlobalSection
	GlobalSection(ProjectConfigurationPlatforms) = postSolution
		{68A80026-56D9-4CF2-B232-D21CF3698BF1}.Debug|Any CPU.ActiveCfg = Debug|Any CPU
		{68A80026-56D9-4CF2-B232-D21CF3698BF1}.Debug|Any CPU.Build.0 = Debug|Any CPU
		{68A80026-56D9-4CF2-B232-D21CF3698BF1}.Release|Any CPU.ActiveCfg = Release|Any CPU
		{68A80026-56D9-4CF2-B232-D21CF3698BF1}.Release|Any CPU.Build.0 = Release|Any CPU
	EndGlobalSection
	GlobalSection(SolutionProperties) = preSolution
		HideSolutionNode = FALSE
	EndGlobalSection
	GlobalSection(ExtensibilityGlobals) = postSolution
		SolutionGuid = {A0C57031-963F-4034-94F8-F16949073FCE}
	EndGlobalSection
EndGlobal
