
Microsoft Visual Studio Solution File, Format Version 12.00
# Visual Studio Version 16
VisualStudioVersion = 16.0.30413.136
MinimumVisualStudioVersion = 10.0.40219.1
Project("{FAE04EC0-301F-11D3-BF4B-00C04F79EFBC}") = "Task3", "Task3.csproj", "{A93BE49D-015D-4834-8E14-A25607EE441E}"
EndProject
Global
	GlobalSection(SolutionConfigurationPlatforms) = preSolution
		Debug|Any CPU = Debug|Any CPU
		Release|Any CPU = Release|Any CPU
	EndGlobalSection
	GlobalSection(ProjectConfigurationPlatforms) = postSolution
		{A93BE49D-015D-4834-8E14-A25607EE441E}.Debug|Any CPU.ActiveCfg = Debug|Any CPU
		{A93BE49D-015D-4834-8E14-A25607EE441E}.Debug|Any CPU.Build.0 = Debug|Any CPU
		{A93BE49D-015D-4834-8E14-A25607EE441E}.Release|Any CPU.ActiveCfg = Release|Any CPU
		{A93BE49D-015D-4834-8E14-A25607EE441E}.Release|Any CPU.Build.0 = Release|Any CPU
	EndGlobalSection
	GlobalSection(SolutionProperties) = preSolution
		HideSolutionNode = FALSE
	EndGlobalSection
	GlobalSection(ExtensibilityGlobals) = postSolution
		SolutionGuid = {B877C4BD-1FB8-46D8-B517-2A4FFF7E6DCB}
	EndGlobalSection
EndGlobal
