
Microsoft Visual Studio Solution File, Format Version 12.00
# Visual Studio Version 16
VisualStudioVersion = 16.0.30413.136
MinimumVisualStudioVersion = 10.0.40219.1
Project("{FAE04EC0-301F-11D3-BF4B-00C04F79EFBC}") = "Task3", "Task3\Task3.csproj", "{4B683326-E86C-4454-9B44-40718D492476}"
EndProject
Project("{FAE04EC0-301F-11D3-BF4B-00C04F79EFBC}") = "MyLib", "MyLib\MyLib.csproj", "{6848978F-191A-49A6-BA0C-FDE65286DAEE}"
EndProject
Global
	GlobalSection(SolutionConfigurationPlatforms) = preSolution
		Debug|Any CPU = Debug|Any CPU
		Release|Any CPU = Release|Any CPU
	EndGlobalSection
	GlobalSection(ProjectConfigurationPlatforms) = postSolution
		{4B683326-E86C-4454-9B44-40718D492476}.Debug|Any CPU.ActiveCfg = Debug|Any CPU
		{4B683326-E86C-4454-9B44-40718D492476}.Debug|Any CPU.Build.0 = Debug|Any CPU
		{4B683326-E86C-4454-9B44-40718D492476}.Release|Any CPU.ActiveCfg = Release|Any CPU
		{4B683326-E86C-4454-9B44-40718D492476}.Release|Any CPU.Build.0 = Release|Any CPU
		{6848978F-191A-49A6-BA0C-FDE65286DAEE}.Debug|Any CPU.ActiveCfg = Debug|Any CPU
		{6848978F-191A-49A6-BA0C-FDE65286DAEE}.Debug|Any CPU.Build.0 = Debug|Any CPU
		{6848978F-191A-49A6-BA0C-FDE65286DAEE}.Release|Any CPU.ActiveCfg = Release|Any CPU
		{6848978F-191A-49A6-BA0C-FDE65286DAEE}.Release|Any CPU.Build.0 = Release|Any CPU
	EndGlobalSection
	GlobalSection(SolutionProperties) = preSolution
		HideSolutionNode = FALSE
	EndGlobalSection
	GlobalSection(ExtensibilityGlobals) = postSolution
		SolutionGuid = {F79F25F4-F6D7-47FA-9C1E-22A123987617}
	EndGlobalSection
EndGlobal
