
Microsoft Visual Studio Solution File, Format Version 12.00
# Visual Studio Version 16
VisualStudioVersion = 16.0.30413.136
MinimumVisualStudioVersion = 10.0.40219.1
Project("{FAE04EC0-301F-11D3-BF4B-00C04F79EFBC}") = "Task2", "Task2.csproj", "{2805D051-20AD-40B2-A77B-09A38AE401D6}"
EndProject
Global
	GlobalSection(SolutionConfigurationPlatforms) = preSolution
		Debug|Any CPU = Debug|Any CPU
		Release|Any CPU = Release|Any CPU
	EndGlobalSection
	GlobalSection(ProjectConfigurationPlatforms) = postSolution
		{2805D051-20AD-40B2-A77B-09A38AE401D6}.Debug|Any CPU.ActiveCfg = Debug|Any CPU
		{2805D051-20AD-40B2-A77B-09A38AE401D6}.Debug|Any CPU.Build.0 = Debug|Any CPU
		{2805D051-20AD-40B2-A77B-09A38AE401D6}.Release|Any CPU.ActiveCfg = Release|Any CPU
		{2805D051-20AD-40B2-A77B-09A38AE401D6}.Release|Any CPU.Build.0 = Release|Any CPU
	EndGlobalSection
	GlobalSection(SolutionProperties) = preSolution
		HideSolutionNode = FALSE
	EndGlobalSection
	GlobalSection(ExtensibilityGlobals) = postSolution
		SolutionGuid = {9116AA67-B39B-450A-BA11-DFB59CB4E421}
	EndGlobalSection
EndGlobal
