
Microsoft Visual Studio Solution File, Format Version 12.00
# Visual Studio Version 16
VisualStudioVersion = 16.0.30717.126
MinimumVisualStudioVersion = 10.0.40219.1
Project("{FAE04EC0-301F-11D3-BF4B-00C04F79EFBC}") = "Task1", "Task1.csproj", "{D5232DB9-A4CF-407A-B01B-BFB6442D3E5A}"
EndProject
Project("{FAE04EC0-301F-11D3-BF4B-00C04F79EFBC}") = "MyLib", "..\Strings\MyLib.csproj", "{52D45DE2-CB6D-43AA-BFBE-00C6DAC44D69}"
EndProject
Global
	GlobalSection(SolutionConfigurationPlatforms) = preSolution
		Debug|Any CPU = Debug|Any CPU
		Release|Any CPU = Release|Any CPU
	EndGlobalSection
	GlobalSection(ProjectConfigurationPlatforms) = postSolution
		{D5232DB9-A4CF-407A-B01B-BFB6442D3E5A}.Debug|Any CPU.ActiveCfg = Debug|Any CPU
		{D5232DB9-A4CF-407A-B01B-BFB6442D3E5A}.Debug|Any CPU.Build.0 = Debug|Any CPU
		{D5232DB9-A4CF-407A-B01B-BFB6442D3E5A}.Release|Any CPU.ActiveCfg = Release|Any CPU
		{D5232DB9-A4CF-407A-B01B-BFB6442D3E5A}.Release|Any CPU.Build.0 = Release|Any CPU
		{52D45DE2-CB6D-43AA-BFBE-00C6DAC44D69}.Debug|Any CPU.ActiveCfg = Debug|Any CPU
		{52D45DE2-CB6D-43AA-BFBE-00C6DAC44D69}.Debug|Any CPU.Build.0 = Debug|Any CPU
		{52D45DE2-CB6D-43AA-BFBE-00C6DAC44D69}.Release|Any CPU.ActiveCfg = Release|Any CPU
		{52D45DE2-CB6D-43AA-BFBE-00C6DAC44D69}.Release|Any CPU.Build.0 = Release|Any CPU
	EndGlobalSection
	GlobalSection(SolutionProperties) = preSolution
		HideSolutionNode = FALSE
	EndGlobalSection
	GlobalSection(ExtensibilityGlobals) = postSolution
		SolutionGuid = {9AA3D064-1C64-4870-9E8B-2D7B6E53AC1B}
	EndGlobalSection
EndGlobal
