
Microsoft Visual Studio Solution File, Format Version 12.00
# Visual Studio Version 16
VisualStudioVersion = 16.0.30907.101
MinimumVisualStudioVersion = 10.0.40219.1
Project("{FAE04EC0-301F-11D3-BF4B-00C04F79EFBC}") = "TaskFromScreenshot", "TaskFromScreenshot.csproj", "{3625EBD3-7BB1-43D2-A906-9197ED571B7D}"
EndProject
Project("{FAE04EC0-301F-11D3-BF4B-00C04F79EFBC}") = "MyLib", "..\MyLib\MyLib.csproj", "{33E7CFFB-4A91-4054-BB35-9A4DD5A131D9}"
EndProject
Global
	GlobalSection(SolutionConfigurationPlatforms) = preSolution
		Debug|Any CPU = Debug|Any CPU
		Release|Any CPU = Release|Any CPU
	EndGlobalSection
	GlobalSection(ProjectConfigurationPlatforms) = postSolution
		{3625EBD3-7BB1-43D2-A906-9197ED571B7D}.Debug|Any CPU.ActiveCfg = Debug|Any CPU
		{3625EBD3-7BB1-43D2-A906-9197ED571B7D}.Debug|Any CPU.Build.0 = Debug|Any CPU
		{3625EBD3-7BB1-43D2-A906-9197ED571B7D}.Release|Any CPU.ActiveCfg = Release|Any CPU
		{3625EBD3-7BB1-43D2-A906-9197ED571B7D}.Release|Any CPU.Build.0 = Release|Any CPU
		{33E7CFFB-4A91-4054-BB35-9A4DD5A131D9}.Debug|Any CPU.ActiveCfg = Debug|Any CPU
		{33E7CFFB-4A91-4054-BB35-9A4DD5A131D9}.Debug|Any CPU.Build.0 = Debug|Any CPU
		{33E7CFFB-4A91-4054-BB35-9A4DD5A131D9}.Release|Any CPU.ActiveCfg = Release|Any CPU
		{33E7CFFB-4A91-4054-BB35-9A4DD5A131D9}.Release|Any CPU.Build.0 = Release|Any CPU
	EndGlobalSection
	GlobalSection(SolutionProperties) = preSolution
		HideSolutionNode = FALSE
	EndGlobalSection
	GlobalSection(ExtensibilityGlobals) = postSolution
		SolutionGuid = {404787A2-A0E2-4B9D-81C9-57BE09430AF5}
	EndGlobalSection
EndGlobal
