
Microsoft Visual Studio Solution File, Format Version 12.00
# Visual Studio Version 16
VisualStudioVersion = 16.0.30413.136
MinimumVisualStudioVersion = 10.0.40219.1
Project("{FAE04EC0-301F-11D3-BF4B-00C04F79EFBC}") = "Task8", "Task8.csproj", "{8492F35F-BCAD-4AA0-9653-A371937EABD6}"
EndProject
Global
	GlobalSection(SolutionConfigurationPlatforms) = preSolution
		Debug|Any CPU = Debug|Any CPU
		Release|Any CPU = Release|Any CPU
	EndGlobalSection
	GlobalSection(ProjectConfigurationPlatforms) = postSolution
		{8492F35F-BCAD-4AA0-9653-A371937EABD6}.Debug|Any CPU.ActiveCfg = Debug|Any CPU
		{8492F35F-BCAD-4AA0-9653-A371937EABD6}.Debug|Any CPU.Build.0 = Debug|Any CPU
		{8492F35F-BCAD-4AA0-9653-A371937EABD6}.Release|Any CPU.ActiveCfg = Release|Any CPU
		{8492F35F-BCAD-4AA0-9653-A371937EABD6}.Release|Any CPU.Build.0 = Release|Any CPU
	EndGlobalSection
	GlobalSection(SolutionProperties) = preSolution
		HideSolutionNode = FALSE
	EndGlobalSection
	GlobalSection(ExtensibilityGlobals) = postSolution
		SolutionGuid = {408D37C6-B541-4222-AD5C-B331B18C0F54}
	EndGlobalSection
EndGlobal
