
Microsoft Visual Studio Solution File, Format Version 12.00
# Visual Studio Version 16
VisualStudioVersion = 16.0.30413.136
MinimumVisualStudioVersion = 10.0.40219.1
Project("{FAE04EC0-301F-11D3-BF4B-00C04F79EFBC}") = "Task4", "Task4.csproj", "{227AFC8F-9E16-476E-826C-9DD7FABA69EF}"
EndProject
Global
	GlobalSection(SolutionConfigurationPlatforms) = preSolution
		Debug|Any CPU = Debug|Any CPU
		Release|Any CPU = Release|Any CPU
	EndGlobalSection
	GlobalSection(ProjectConfigurationPlatforms) = postSolution
		{227AFC8F-9E16-476E-826C-9DD7FABA69EF}.Debug|Any CPU.ActiveCfg = Debug|Any CPU
		{227AFC8F-9E16-476E-826C-9DD7FABA69EF}.Debug|Any CPU.Build.0 = Debug|Any CPU
		{227AFC8F-9E16-476E-826C-9DD7FABA69EF}.Release|Any CPU.ActiveCfg = Release|Any CPU
		{227AFC8F-9E16-476E-826C-9DD7FABA69EF}.Release|Any CPU.Build.0 = Release|Any CPU
	EndGlobalSection
	GlobalSection(SolutionProperties) = preSolution
		HideSolutionNode = FALSE
	EndGlobalSection
	GlobalSection(ExtensibilityGlobals) = postSolution
		SolutionGuid = {0710B5D7-2CF2-42E9-B7D1-EE17D94BCA8D}
	EndGlobalSection
EndGlobal
