
Microsoft Visual Studio Solution File, Format Version 12.00
# Visual Studio Version 16
VisualStudioVersion = 16.0.30413.136
MinimumVisualStudioVersion = 10.0.40219.1
Project("{FAE04EC0-301F-11D3-BF4B-00C04F79EFBC}") = "Task1", "Task1.csproj", "{397D38DB-F552-49F2-A78E-19C70910D1B1}"
EndProject
Global
	GlobalSection(SolutionConfigurationPlatforms) = preSolution
		Debug|Any CPU = Debug|Any CPU
		Release|Any CPU = Release|Any CPU
	EndGlobalSection
	GlobalSection(ProjectConfigurationPlatforms) = postSolution
		{397D38DB-F552-49F2-A78E-19C70910D1B1}.Debug|Any CPU.ActiveCfg = Debug|Any CPU
		{397D38DB-F552-49F2-A78E-19C70910D1B1}.Debug|Any CPU.Build.0 = Debug|Any CPU
		{397D38DB-F552-49F2-A78E-19C70910D1B1}.Release|Any CPU.ActiveCfg = Release|Any CPU
		{397D38DB-F552-49F2-A78E-19C70910D1B1}.Release|Any CPU.Build.0 = Release|Any CPU
	EndGlobalSection
	GlobalSection(SolutionProperties) = preSolution
		HideSolutionNode = FALSE
	EndGlobalSection
	GlobalSection(ExtensibilityGlobals) = postSolution
		SolutionGuid = {80290937-814C-45EA-8C03-01C9F3898FF7}
	EndGlobalSection
EndGlobal
