
Microsoft Visual Studio Solution File, Format Version 12.00
# Visual Studio Version 16
VisualStudioVersion = 16.0.30717.126
MinimumVisualStudioVersion = 10.0.40219.1
Project("{FAE04EC0-301F-11D3-BF4B-00C04F79EFBC}") = "Task4", "Task4.csproj", "{FCE3F2CB-112A-4EF0-A1B4-677D43B5B6C7}"
EndProject
Global
	GlobalSection(SolutionConfigurationPlatforms) = preSolution
		Debug|Any CPU = Debug|Any CPU
		Release|Any CPU = Release|Any CPU
	EndGlobalSection
	GlobalSection(ProjectConfigurationPlatforms) = postSolution
		{FCE3F2CB-112A-4EF0-A1B4-677D43B5B6C7}.Debug|Any CPU.ActiveCfg = Debug|Any CPU
		{FCE3F2CB-112A-4EF0-A1B4-677D43B5B6C7}.Debug|Any CPU.Build.0 = Debug|Any CPU
		{FCE3F2CB-112A-4EF0-A1B4-677D43B5B6C7}.Release|Any CPU.ActiveCfg = Release|Any CPU
		{FCE3F2CB-112A-4EF0-A1B4-677D43B5B6C7}.Release|Any CPU.Build.0 = Release|Any CPU
	EndGlobalSection
	GlobalSection(SolutionProperties) = preSolution
		HideSolutionNode = FALSE
	EndGlobalSection
	GlobalSection(ExtensibilityGlobals) = postSolution
		SolutionGuid = {23DF6710-6E27-4355-A386-36803BAF7181}
	EndGlobalSection
EndGlobal
