
Microsoft Visual Studio Solution File, Format Version 12.00
# Visual Studio Version 16
VisualStudioVersion = 16.0.30413.136
MinimumVisualStudioVersion = 10.0.40219.1
Project("{FAE04EC0-301F-11D3-BF4B-00C04F79EFBC}") = "Task1", "Task1.csproj", "{99D2190F-1DC5-4312-8059-3A1BA3761FAD}"
EndProject
Global
	GlobalSection(SolutionConfigurationPlatforms) = preSolution
		Debug|Any CPU = Debug|Any CPU
		Release|Any CPU = Release|Any CPU
	EndGlobalSection
	GlobalSection(ProjectConfigurationPlatforms) = postSolution
		{99D2190F-1DC5-4312-8059-3A1BA3761FAD}.Debug|Any CPU.ActiveCfg = Debug|Any CPU
		{99D2190F-1DC5-4312-8059-3A1BA3761FAD}.Debug|Any CPU.Build.0 = Debug|Any CPU
		{99D2190F-1DC5-4312-8059-3A1BA3761FAD}.Release|Any CPU.ActiveCfg = Release|Any CPU
		{99D2190F-1DC5-4312-8059-3A1BA3761FAD}.Release|Any CPU.Build.0 = Release|Any CPU
	EndGlobalSection
	GlobalSection(SolutionProperties) = preSolution
		HideSolutionNode = FALSE
	EndGlobalSection
	GlobalSection(ExtensibilityGlobals) = postSolution
		SolutionGuid = {1EF8080A-FA19-46F9-9EF8-5D6A62AB3F1A}
	EndGlobalSection
EndGlobal
