
Microsoft Visual Studio Solution File, Format Version 12.00
# Visual Studio Version 16
VisualStudioVersion = 16.0.30717.126
MinimumVisualStudioVersion = 10.0.40219.1
Project("{FAE04EC0-301F-11D3-BF4B-00C04F79EFBC}") = "Task4", "Task4\Task4.csproj", "{6F89A7D1-8C0B-467D-A5D0-60A7D676461F}"
EndProject
Project("{FAE04EC0-301F-11D3-BF4B-00C04F79EFBC}") = "MyLibrary", "MyLibrary\MyLibrary.csproj", "{C70DB0B8-BAB7-4749-A123-20869811789B}"
EndProject
Global
	GlobalSection(SolutionConfigurationPlatforms) = preSolution
		Debug|Any CPU = Debug|Any CPU
		Release|Any CPU = Release|Any CPU
	EndGlobalSection
	GlobalSection(ProjectConfigurationPlatforms) = postSolution
		{6F89A7D1-8C0B-467D-A5D0-60A7D676461F}.Debug|Any CPU.ActiveCfg = Debug|Any CPU
		{6F89A7D1-8C0B-467D-A5D0-60A7D676461F}.Debug|Any CPU.Build.0 = Debug|Any CPU
		{6F89A7D1-8C0B-467D-A5D0-60A7D676461F}.Release|Any CPU.ActiveCfg = Release|Any CPU
		{6F89A7D1-8C0B-467D-A5D0-60A7D676461F}.Release|Any CPU.Build.0 = Release|Any CPU
		{C70DB0B8-BAB7-4749-A123-20869811789B}.Debug|Any CPU.ActiveCfg = Debug|Any CPU
		{C70DB0B8-BAB7-4749-A123-20869811789B}.Debug|Any CPU.Build.0 = Debug|Any CPU
		{C70DB0B8-BAB7-4749-A123-20869811789B}.Release|Any CPU.ActiveCfg = Release|Any CPU
		{C70DB0B8-BAB7-4749-A123-20869811789B}.Release|Any CPU.Build.0 = Release|Any CPU
	EndGlobalSection
	GlobalSection(SolutionProperties) = preSolution
		HideSolutionNode = FALSE
	EndGlobalSection
	GlobalSection(ExtensibilityGlobals) = postSolution
		SolutionGuid = {E54E410C-50C1-4916-AA5B-0D83ED52017F}
	EndGlobalSection
EndGlobal
