
Microsoft Visual Studio Solution File, Format Version 12.00
# Visual Studio Version 16
VisualStudioVersion = 16.0.30907.101
MinimumVisualStudioVersion = 10.0.40219.1
Project("{FAE04EC0-301F-11D3-BF4B-00C04F79EFBC}") = "Task2", "Task2.csproj", "{72BE019E-20B3-4649-BF23-C69244278869}"
EndProject
Global
	GlobalSection(SolutionConfigurationPlatforms) = preSolution
		Debug|Any CPU = Debug|Any CPU
		Release|Any CPU = Release|Any CPU
	EndGlobalSection
	GlobalSection(ProjectConfigurationPlatforms) = postSolution
		{72BE019E-20B3-4649-BF23-C69244278869}.Debug|Any CPU.ActiveCfg = Debug|Any CPU
		{72BE019E-20B3-4649-BF23-C69244278869}.Debug|Any CPU.Build.0 = Debug|Any CPU
		{72BE019E-20B3-4649-BF23-C69244278869}.Release|Any CPU.ActiveCfg = Release|Any CPU
		{72BE019E-20B3-4649-BF23-C69244278869}.Release|Any CPU.Build.0 = Release|Any CPU
	EndGlobalSection
	GlobalSection(SolutionProperties) = preSolution
		HideSolutionNode = FALSE
	EndGlobalSection
	GlobalSection(ExtensibilityGlobals) = postSolution
		SolutionGuid = {2FE82421-93FE-4A8B-A180-771F99CCE032}
	EndGlobalSection
EndGlobal
