
Microsoft Visual Studio Solution File, Format Version 12.00
# Visual Studio Version 16
VisualStudioVersion = 16.0.30907.101
MinimumVisualStudioVersion = 10.0.40219.1
Project("{FAE04EC0-301F-11D3-BF4B-00C04F79EFBC}") = "MyLibrary", "MyLibrary\MyLibrary.csproj", "{9739C6ED-F7E1-43FD-9843-F8835104269C}"
EndProject
Project("{FAE04EC0-301F-11D3-BF4B-00C04F79EFBC}") = "FirstProgram", "FirstProgram\FirstProgram.csproj", "{4EF6B8C4-B112-4A3E-AE2F-7C2C68D99414}"
EndProject
Project("{FAE04EC0-301F-11D3-BF4B-00C04F79EFBC}") = "SecondProgram", "SecondProgram\SecondProgram.csproj", "{830B2495-E607-4281-9765-A147D6B7CE1F}"
EndProject
Global
	GlobalSection(SolutionConfigurationPlatforms) = preSolution
		Debug|Any CPU = Debug|Any CPU
		Release|Any CPU = Release|Any CPU
	EndGlobalSection
	GlobalSection(ProjectConfigurationPlatforms) = postSolution
		{9739C6ED-F7E1-43FD-9843-F8835104269C}.Debug|Any CPU.ActiveCfg = Debug|Any CPU
		{9739C6ED-F7E1-43FD-9843-F8835104269C}.Debug|Any CPU.Build.0 = Debug|Any CPU
		{9739C6ED-F7E1-43FD-9843-F8835104269C}.Release|Any CPU.ActiveCfg = Release|Any CPU
		{9739C6ED-F7E1-43FD-9843-F8835104269C}.Release|Any CPU.Build.0 = Release|Any CPU
		{4EF6B8C4-B112-4A3E-AE2F-7C2C68D99414}.Debug|Any CPU.ActiveCfg = Debug|Any CPU
		{4EF6B8C4-B112-4A3E-AE2F-7C2C68D99414}.Debug|Any CPU.Build.0 = Debug|Any CPU
		{4EF6B8C4-B112-4A3E-AE2F-7C2C68D99414}.Release|Any CPU.ActiveCfg = Release|Any CPU
		{4EF6B8C4-B112-4A3E-AE2F-7C2C68D99414}.Release|Any CPU.Build.0 = Release|Any CPU
		{830B2495-E607-4281-9765-A147D6B7CE1F}.Debug|Any CPU.ActiveCfg = Debug|Any CPU
		{830B2495-E607-4281-9765-A147D6B7CE1F}.Debug|Any CPU.Build.0 = Debug|Any CPU
		{830B2495-E607-4281-9765-A147D6B7CE1F}.Release|Any CPU.ActiveCfg = Release|Any CPU
		{830B2495-E607-4281-9765-A147D6B7CE1F}.Release|Any CPU.Build.0 = Release|Any CPU
	EndGlobalSection
	GlobalSection(SolutionProperties) = preSolution
		HideSolutionNode = FALSE
	EndGlobalSection
	GlobalSection(ExtensibilityGlobals) = postSolution
		SolutionGuid = {B9CC1BFB-E35F-4DBB-9E37-49E8CC6A37F9}
	EndGlobalSection
EndGlobal
